
Microsoft Visual Studio Solution File, Format Version 12.00
# Visual Studio Version 17
VisualStudioVersion = 17.8.34330.188
MinimumVisualStudioVersion = 10.0.40219.1
Project("{FAE04EC0-301F-11D3-BF4B-00C04F79EFBC}") = "GymManagement_API", "GymManagement_API\GymManagement_API.csproj", "{2CB6E320-8CF7-4F2A-9A75-B84C20C7AD4D}"
EndProject
Global
	GlobalSection(SolutionConfigurationPlatforms) = preSolution
		Debug|Any CPU = Debug|Any CPU
		Release|Any CPU = Release|Any CPU
	EndGlobalSection
	GlobalSection(ProjectConfigurationPlatforms) = postSolution
		{2CB6E320-8CF7-4F2A-9A75-B84C20C7AD4D}.Debug|Any CPU.ActiveCfg = Debug|Any CPU
		{2CB6E320-8CF7-4F2A-9A75-B84C20C7AD4D}.Debug|Any CPU.Build.0 = Debug|Any CPU
		{2CB6E320-8CF7-4F2A-9A75-B84C20C7AD4D}.Release|Any CPU.ActiveCfg = Release|Any CPU
		{2CB6E320-8CF7-4F2A-9A75-B84C20C7AD4D}.Release|Any CPU.Build.0 = Release|Any CPU
	EndGlobalSection
	GlobalSection(SolutionProperties) = preSolution
		HideSolutionNode = FALSE
	EndGlobalSection
	GlobalSection(ExtensibilityGlobals) = postSolution
		SolutionGuid = {6CD5F1BE-69DB-428F-BA0B-1E12ABE67B8E}
	EndGlobalSection
EndGlobal
